
Microsoft Visual Studio Solution File, Format Version 12.00
# Visual Studio Version 16
VisualStudioVersion = 16.0.31112.23
MinimumVisualStudioVersion = 10.0.40219.1
Project("{9A19103F-16F7-4668-BE54-9A1E7A4F7556}") = "MetricsManager", "MetricsManager.csproj", "{460AB17D-9675-449E-BB5A-5990E6B70B16}"
EndProject
Project("{9A19103F-16F7-4668-BE54-9A1E7A4F7556}") = "MetricsManagerTests", "..\MetricsManagerTests\MetricsManagerTests.csproj", "{2C7FC234-ED2D-4592-A5D5-CEDA9855C770}"
EndProject
Project("{9A19103F-16F7-4668-BE54-9A1E7A4F7556}") = "MetricsAgent", "..\MetricsAgent\MetricsAgent.csproj", "{84449467-B7D8-47B5-86AF-D96AA9218360}"
EndProject
Project("{9A19103F-16F7-4668-BE54-9A1E7A4F7556}") = "MetricsAgentTests", "..\MetricsAgentTests\MetricsAgentTests.csproj", "{199931A7-43B1-4D2F-84F3-BF0B69926DFC}"
EndProject
Project("{9A19103F-16F7-4668-BE54-9A1E7A4F7556}") = "MetricsLibrary", "..\MetricsLibrary\MetricsLibrary.csproj", "{183CA843-F7BE-4F0D-8DF2-343037A14124}"
EndProject
Project("{FAE04EC0-301F-11D3-BF4B-00C04F79EFBC}") = "MetricsManagerClient", "..\MetricsManagerClient\MetricsManagerClient.csproj", "{0E9D6E8B-8B0B-4DD8-81A4-B145DA334DEC}"
EndProject
Project("{FAE04EC0-301F-11D3-BF4B-00C04F79EFBC}") = "MetricsManagerDesktop", "..\MetricsManagerDesktop\MetricsManagerDesktop.csproj", "{3A4A91B4-D2B0-4B9F-BA30-8C9016006850}"
EndProject
Global
	GlobalSection(SolutionConfigurationPlatforms) = preSolution
		Debug|Any CPU = Debug|Any CPU
		Release|Any CPU = Release|Any CPU
	EndGlobalSection
	GlobalSection(ProjectConfigurationPlatforms) = postSolution
		{460AB17D-9675-449E-BB5A-5990E6B70B16}.Debug|Any CPU.ActiveCfg = Debug|Any CPU
		{460AB17D-9675-449E-BB5A-5990E6B70B16}.Debug|Any CPU.Build.0 = Debug|Any CPU
		{460AB17D-9675-449E-BB5A-5990E6B70B16}.Release|Any CPU.ActiveCfg = Release|Any CPU
		{460AB17D-9675-449E-BB5A-5990E6B70B16}.Release|Any CPU.Build.0 = Release|Any CPU
		{2C7FC234-ED2D-4592-A5D5-CEDA9855C770}.Debug|Any CPU.ActiveCfg = Debug|Any CPU
		{2C7FC234-ED2D-4592-A5D5-CEDA9855C770}.Debug|Any CPU.Build.0 = Debug|Any CPU
		{2C7FC234-ED2D-4592-A5D5-CEDA9855C770}.Release|Any CPU.ActiveCfg = Release|Any CPU
		{2C7FC234-ED2D-4592-A5D5-CEDA9855C770}.Release|Any CPU.Build.0 = Release|Any CPU
		{84449467-B7D8-47B5-86AF-D96AA9218360}.Debug|Any CPU.ActiveCfg = Debug|Any CPU
		{84449467-B7D8-47B5-86AF-D96AA9218360}.Debug|Any CPU.Build.0 = Debug|Any CPU
		{84449467-B7D8-47B5-86AF-D96AA9218360}.Release|Any CPU.ActiveCfg = Release|Any CPU
		{84449467-B7D8-47B5-86AF-D96AA9218360}.Release|Any CPU.Build.0 = Release|Any CPU
		{199931A7-43B1-4D2F-84F3-BF0B69926DFC}.Debug|Any CPU.ActiveCfg = Debug|Any CPU
		{199931A7-43B1-4D2F-84F3-BF0B69926DFC}.Debug|Any CPU.Build.0 = Debug|Any CPU
		{199931A7-43B1-4D2F-84F3-BF0B69926DFC}.Release|Any CPU.ActiveCfg = Release|Any CPU
		{199931A7-43B1-4D2F-84F3-BF0B69926DFC}.Release|Any CPU.Build.0 = Release|Any CPU
		{183CA843-F7BE-4F0D-8DF2-343037A14124}.Debug|Any CPU.ActiveCfg = Debug|Any CPU
		{183CA843-F7BE-4F0D-8DF2-343037A14124}.Debug|Any CPU.Build.0 = Debug|Any CPU
		{183CA843-F7BE-4F0D-8DF2-343037A14124}.Release|Any CPU.ActiveCfg = Release|Any CPU
		{183CA843-F7BE-4F0D-8DF2-343037A14124}.Release|Any CPU.Build.0 = Release|Any CPU
		{0E9D6E8B-8B0B-4DD8-81A4-B145DA334DEC}.Debug|Any CPU.ActiveCfg = Debug|Any CPU
		{0E9D6E8B-8B0B-4DD8-81A4-B145DA334DEC}.Debug|Any CPU.Build.0 = Debug|Any CPU
		{0E9D6E8B-8B0B-4DD8-81A4-B145DA334DEC}.Release|Any CPU.ActiveCfg = Release|Any CPU
		{0E9D6E8B-8B0B-4DD8-81A4-B145DA334DEC}.Release|Any CPU.Build.0 = Release|Any CPU
		{3A4A91B4-D2B0-4B9F-BA30-8C9016006850}.Debug|Any CPU.ActiveCfg = Debug|Any CPU
		{3A4A91B4-D2B0-4B9F-BA30-8C9016006850}.Debug|Any CPU.Build.0 = Debug|Any CPU
		{3A4A91B4-D2B0-4B9F-BA30-8C9016006850}.Release|Any CPU.ActiveCfg = Release|Any CPU
		{3A4A91B4-D2B0-4B9F-BA30-8C9016006850}.Release|Any CPU.Build.0 = Release|Any CPU
	EndGlobalSection
	GlobalSection(SolutionProperties) = preSolution
		HideSolutionNode = FALSE
	EndGlobalSection
	GlobalSection(ExtensibilityGlobals) = postSolution
		SolutionGuid = {6F6560CE-AC1F-4E69-8667-051339A5BB0B}
	EndGlobalSection
EndGlobal
